
Microsoft Visual Studio Solution File, Format Version 12.00
# Visual Studio Version 17
VisualStudioVersion = 17.13.35825.156 d17.13
MinimumVisualStudioVersion = 10.0.40219.1
Project("{FAE04EC0-301F-11D3-BF4B-00C04F79EFBC}") = "AgendaCompromissos", "AgendaCompromissos.csproj", "{D2D25FF0-6494-403A-B5A6-18AAD6F28986}"
EndProject
Global
	GlobalSection(SolutionConfigurationPlatforms) = preSolution
		Debug|Any CPU = Debug|Any CPU
		Release|Any CPU = Release|Any CPU
	EndGlobalSection
	GlobalSection(ProjectConfigurationPlatforms) = postSolution
		{D2D25FF0-6494-403A-B5A6-18AAD6F28986}.Debug|Any CPU.ActiveCfg = Debug|Any CPU
		{D2D25FF0-6494-403A-B5A6-18AAD6F28986}.Debug|Any CPU.Build.0 = Debug|Any CPU
		{D2D25FF0-6494-403A-B5A6-18AAD6F28986}.Release|Any CPU.ActiveCfg = Release|Any CPU
		{D2D25FF0-6494-403A-B5A6-18AAD6F28986}.Release|Any CPU.Build.0 = Release|Any CPU
	EndGlobalSection
	GlobalSection(SolutionProperties) = preSolution
		HideSolutionNode = FALSE
	EndGlobalSection
	GlobalSection(ExtensibilityGlobals) = postSolution
		SolutionGuid = {EDE72351-47F9-4E48-9D71-4C8DCE56652D}
	EndGlobalSection
EndGlobal
